
Microsoft Visual Studio Solution File, Format Version 12.00
# Visual Studio 2013
VisualStudioVersion = 12.0.21005.1
MinimumVisualStudioVersion = 10.0.40219.1
Project("{FAE04EC0-301F-11D3-BF4B-00C04F79EFBC}") = "PurchaseOrderAgeCounter", "PurchaseOrderAgeCounter\PurchaseOrderAgeCounter.csproj", "{759030C6-4A8F-4D51-965B-A13FE5B91BDE}"
EndProject
Global
	GlobalSection(TeamFoundationVersionControl) = preSolution
		SccNumberOfProjects = 2
		SccEnterpriseProvider = {4CA58AB2-18FA-4F8D-95D4-32DDF27D184C}
		SccTeamFoundationServer = http://raven:8080/tfs/rndcollection
		SccLocalPath0 = .
		SccProjectUniqueName1 = PurchaseOrderAgeCounter\\PurchaseOrderAgeCounter.csproj
		SccProjectName1 = PurchaseOrderAgeCounter
		SccLocalPath1 = PurchaseOrderAgeCounter
	EndGlobalSection
	GlobalSection(SolutionConfigurationPlatforms) = preSolution
		Debug|Any CPU = Debug|Any CPU
		Release|Any CPU = Release|Any CPU
	EndGlobalSection
	GlobalSection(ProjectConfigurationPlatforms) = postSolution
		{759030C6-4A8F-4D51-965B-A13FE5B91BDE}.Debug|Any CPU.ActiveCfg = Debug|Any CPU
		{759030C6-4A8F-4D51-965B-A13FE5B91BDE}.Debug|Any CPU.Build.0 = Debug|Any CPU
		{759030C6-4A8F-4D51-965B-A13FE5B91BDE}.Release|Any CPU.ActiveCfg = Release|Any CPU
		{759030C6-4A8F-4D51-965B-A13FE5B91BDE}.Release|Any CPU.Build.0 = Release|Any CPU
	EndGlobalSection
	GlobalSection(SolutionProperties) = preSolution
		HideSolutionNode = FALSE
	EndGlobalSection
EndGlobal
