
Microsoft Visual Studio Solution File, Format Version 12.00
# Visual Studio 2012
Project("{F14B399A-7131-4C87-9E4B-1186C45EF12D}") = "DMS Reports", "DMS Reports\DMS Reports.rptproj", "{257A7E52-4CA0-46EF-B32C-BB839550B195}"
EndProject
Global
	GlobalSection(SolutionConfigurationPlatforms) = preSolution
		Debug|Default = Debug|Default
		DebugLocal|Default = DebugLocal|Default
		Release|Default = Release|Default
	EndGlobalSection
	GlobalSection(ProjectConfigurationPlatforms) = postSolution
		{257A7E52-4CA0-46EF-B32C-BB839550B195}.Debug|Default.ActiveCfg = Debug
		{257A7E52-4CA0-46EF-B32C-BB839550B195}.Debug|Default.Build.0 = Debug
		{257A7E52-4CA0-46EF-B32C-BB839550B195}.Debug|Default.Deploy.0 = Debug
		{257A7E52-4CA0-46EF-B32C-BB839550B195}.DebugLocal|Default.ActiveCfg = DebugLocal
		{257A7E52-4CA0-46EF-B32C-BB839550B195}.DebugLocal|Default.Build.0 = DebugLocal
		{257A7E52-4CA0-46EF-B32C-BB839550B195}.Release|Default.ActiveCfg = Release
		{257A7E52-4CA0-46EF-B32C-BB839550B195}.Release|Default.Build.0 = Release
		{257A7E52-4CA0-46EF-B32C-BB839550B195}.Release|Default.Deploy.0 = Release
	EndGlobalSection
	GlobalSection(SolutionProperties) = preSolution
		HideSolutionNode = FALSE
	EndGlobalSection
EndGlobal
