
Microsoft Visual Studio Solution File, Format Version 12.00
# Visual Studio 2013
VisualStudioVersion = 12.0.21005.1
MinimumVisualStudioVersion = 10.0.40219.1
Project("{FAE04EC0-301F-11D3-BF4B-00C04F79EFBC}") = "ComputeEndingInventory", "ComputeEndingInventory\ComputeEndingInventory.csproj", "{B6A6A392-9FD8-4E29-A3E9-BC89ACE5F39D}"
EndProject
Global
	GlobalSection(TeamFoundationVersionControl) = preSolution
		SccNumberOfProjects = 2
		SccEnterpriseProvider = {4CA58AB2-18FA-4F8D-95D4-32DDF27D184C}
		SccTeamFoundationServer = http://raven:8080/tfs/rndcollection
		SccLocalPath0 = .
		SccProjectUniqueName1 = ComputeEndingInventory\\ComputeEndingInventory.csproj
		SccProjectName1 = ComputeEndingInventory
		SccLocalPath1 = ComputeEndingInventory
	EndGlobalSection
	GlobalSection(SolutionConfigurationPlatforms) = preSolution
		Debug|Any CPU = Debug|Any CPU
		Release|Any CPU = Release|Any CPU
	EndGlobalSection
	GlobalSection(ProjectConfigurationPlatforms) = postSolution
		{B6A6A392-9FD8-4E29-A3E9-BC89ACE5F39D}.Debug|Any CPU.ActiveCfg = Debug|Any CPU
		{B6A6A392-9FD8-4E29-A3E9-BC89ACE5F39D}.Debug|Any CPU.Build.0 = Debug|Any CPU
		{B6A6A392-9FD8-4E29-A3E9-BC89ACE5F39D}.Release|Any CPU.ActiveCfg = Release|Any CPU
		{B6A6A392-9FD8-4E29-A3E9-BC89ACE5F39D}.Release|Any CPU.Build.0 = Release|Any CPU
	EndGlobalSection
	GlobalSection(SolutionProperties) = preSolution
		HideSolutionNode = FALSE
	EndGlobalSection
EndGlobal
